
Microsoft Visual Studio Solution File, Format Version 12.00
# Visual Studio 15
VisualStudioVersion = 15.0.27703.2026
MinimumVisualStudioVersion = 10.0.40219.1
Project("{888888A0-9F3D-457C-B088-3A5042F75D52}") = "BlockChain-1", "BlockChain-1\BlockChain-1.pyproj", "{11F18D5C-A8E7-4399-BB85-DB4BAAEEA28A}"
EndProject
Global
	GlobalSection(SolutionConfigurationPlatforms) = preSolution
		Debug|Any CPU = Debug|Any CPU
		Release|Any CPU = Release|Any CPU
	EndGlobalSection
	GlobalSection(ProjectConfigurationPlatforms) = postSolution
		{11F18D5C-A8E7-4399-BB85-DB4BAAEEA28A}.Debug|Any CPU.ActiveCfg = Debug|Any CPU
		{11F18D5C-A8E7-4399-BB85-DB4BAAEEA28A}.Release|Any CPU.ActiveCfg = Release|Any CPU
	EndGlobalSection
	GlobalSection(SolutionProperties) = preSolution
		HideSolutionNode = FALSE
	EndGlobalSection
	GlobalSection(ExtensibilityGlobals) = postSolution
		SolutionGuid = {2EFCAEC9-2783-4C24-85C4-1C346A9480D3}
	EndGlobalSection
EndGlobal
